
Microsoft Visual Studio Solution File, Format Version 12.00
# Visual Studio Version 17
VisualStudioVersion = 17.4.33403.182
MinimumVisualStudioVersion = 10.0.40219.1
Project("{FAE04EC0-301F-11D3-BF4B-00C04F79EFBC}") = "Laboratorio1", "Laboratorio1\Laboratorio1.csproj", "{7420A72E-DA47-484F-BFCD-5EAABC08B82B}"
EndProject
Global
	GlobalSection(SolutionConfigurationPlatforms) = preSolution
		Debug|Any CPU = Debug|Any CPU
		Release|Any CPU = Release|Any CPU
	EndGlobalSection
	GlobalSection(ProjectConfigurationPlatforms) = postSolution
		{7420A72E-DA47-484F-BFCD-5EAABC08B82B}.Debug|Any CPU.ActiveCfg = Debug|Any CPU
		{7420A72E-DA47-484F-BFCD-5EAABC08B82B}.Debug|Any CPU.Build.0 = Debug|Any CPU
		{7420A72E-DA47-484F-BFCD-5EAABC08B82B}.Release|Any CPU.ActiveCfg = Release|Any CPU
		{7420A72E-DA47-484F-BFCD-5EAABC08B82B}.Release|Any CPU.Build.0 = Release|Any CPU
	EndGlobalSection
	GlobalSection(SolutionProperties) = preSolution
		HideSolutionNode = FALSE
	EndGlobalSection
	GlobalSection(ExtensibilityGlobals) = postSolution
		SolutionGuid = {82A678AB-0FBA-4C04-A169-5D04A5978592}
	EndGlobalSection
EndGlobal
